
Microsoft Visual Studio Solution File, Format Version 12.00
# Visual Studio Version 17
VisualStudioVersion = 17.1.32210.238
MinimumVisualStudioVersion = 10.0.40219.1
Project("{FAE04EC0-301F-11D3-BF4B-00C04F79EFBC}") = "EscolaDeV", "EscolaDeV\EscolaDeV.csproj", "{0E9E0D40-005C-4CB0-986E-A6F993BBA37B}"
EndProject
Global
	GlobalSection(SolutionConfigurationPlatforms) = preSolution
		Debug|Any CPU = Debug|Any CPU
		Release|Any CPU = Release|Any CPU
	EndGlobalSection
	GlobalSection(ProjectConfigurationPlatforms) = postSolution
		{0E9E0D40-005C-4CB0-986E-A6F993BBA37B}.Debug|Any CPU.ActiveCfg = Debug|Any CPU
		{0E9E0D40-005C-4CB0-986E-A6F993BBA37B}.Debug|Any CPU.Build.0 = Debug|Any CPU
		{0E9E0D40-005C-4CB0-986E-A6F993BBA37B}.Release|Any CPU.ActiveCfg = Release|Any CPU
		{0E9E0D40-005C-4CB0-986E-A6F993BBA37B}.Release|Any CPU.Build.0 = Release|Any CPU
	EndGlobalSection
	GlobalSection(SolutionProperties) = preSolution
		HideSolutionNode = FALSE
	EndGlobalSection
	GlobalSection(ExtensibilityGlobals) = postSolution
		SolutionGuid = {0A5A64A6-6727-4E51-9950-CFFCE99C33AA}
	EndGlobalSection
EndGlobal
